// !$*UTF8*$!
{
	archiveVersion = 1;
	classes = {
	};
	objectVersion = 50;
	objects = {

/* Begin PBXBuildFile section */
		3C2C4AC6225FAAFC000A78CD /* CategoryViewController.swift in Sources */ = {isa = PBXBuildFile; fileRef = 3C2C4AC5225FAAFC000A78CD /* CategoryViewController.swift */; };
		3CD3EBAA225EDD3F00D810D4 /* AppDelegate.swift in Sources */ = {isa = PBXBuildFile; fileRef = 3CD3EBA9225EDD3F00D810D4 /* AppDelegate.swift */; };
		3CD3EBAC225EDD3F00D810D4 /* TodoListViewController.swift in Sources */ = {isa = PBXBuildFile; fileRef = 3CD3EBAB225EDD3F00D810D4 /* TodoListViewController.swift */; };
		3CD3EBB1225EDD4100D810D4 /* Assets.xcassets in Resources */ = {isa = PBXBuildFile; fileRef = 3CD3EBB0225EDD4100D810D4 /* Assets.xcassets */; };
		3CD3EBB4225EDD4100D810D4 /* LaunchScreen.storyboard in Resources */ = {isa = PBXBuildFile; fileRef = 3CD3EBB2225EDD4100D810D4 /* LaunchScreen.storyboard */; };
		3CD3EBC3225EDE2D00D810D4 /* Main.storyboard in Resources */ = {isa = PBXBuildFile; fileRef = 3CD3EBC2225EDE2D00D810D4 /* Main.storyboard */; };
		3CF1B6CC225EF9770070CD5A /* DataModel.xcdatamodeld in Sources */ = {isa = PBXBuildFile; fileRef = 3CF1B6CA225EF9770070CD5A /* DataModel.xcdatamodeld */; };
		64E8F7E1F804A16FA5BD5B3E /* Pods_Test.framework in Frameworks */ = {isa = PBXBuildFile; fileRef = EDE208EA5090DDE805BB9E88 /* Pods_Test.framework */; };
/* End PBXBuildFile section */

/* Begin PBXFileReference section */
		3C2C4AC5225FAAFC000A78CD /* CategoryViewController.swift */ = {isa = PBXFileReference; lastKnownFileType = sourcecode.swift; path = CategoryViewController.swift; sourceTree = "<group>"; };
		3CD3EBA6225EDD3F00D810D4 /* Test.app */ = {isa = PBXFileReference; explicitFileType = wrapper.application; includeInIndex = 0; path = Test.app; sourceTree = BUILT_PRODUCTS_DIR; };
		3CD3EBA9225EDD3F00D810D4 /* AppDelegate.swift */ = {isa = PBXFileReference; lastKnownFileType = sourcecode.swift; path = AppDelegate.swift; sourceTree = "<group>"; };
		3CD3EBAB225EDD3F00D810D4 /* TodoListViewController.swift */ = {isa = PBXFileReference; lastKnownFileType = sourcecode.swift; path = TodoListViewController.swift; sourceTree = "<group>"; };
		3CD3EBB0225EDD4100D810D4 /* Assets.xcassets */ = {isa = PBXFileReference; lastKnownFileType = folder.assetcatalog; path = Assets.xcassets; sourceTree = "<group>"; };
		3CD3EBB3225EDD4100D810D4 /* Base */ = {isa = PBXFileReference; lastKnownFileType = file.storyboard; name = Base; path = Base.lproj/LaunchScreen.storyboard; sourceTree = "<group>"; };
		3CD3EBB5225EDD4100D810D4 /* Info.plist */ = {isa = PBXFileReference; lastKnownFileType = text.plist.xml; path = Info.plist; sourceTree = "<group>"; };
		3CD3EBC2225EDE2D00D810D4 /* Main.storyboard */ = {isa = PBXFileReference; fileEncoding = 4; lastKnownFileType = file.storyboard; path = Main.storyboard; sourceTree = "<group>"; };
		3CF1B6CB225EF9770070CD5A /* DataModel.xcdatamodel */ = {isa = PBXFileReference; lastKnownFileType = wrapper.xcdatamodel; path = DataModel.xcdatamodel; sourceTree = "<group>"; };
		A1423F3DED3EE36D20804047 /* Pods-Test.release.xcconfig */ = {isa = PBXFileReference; includeInIndex = 1; lastKnownFileType = text.xcconfig; name = "Pods-Test.release.xcconfig"; path = "Target Support Files/Pods-Test/Pods-Test.release.xcconfig"; sourceTree = "<group>"; };
		D47680E4F9F9C92946473052 /* Pods-Test.debug.xcconfig */ = {isa = PBXFileReference; includeInIndex = 1; lastKnownFileType = text.xcconfig; name = "Pods-Test.debug.xcconfig"; path = "Target Support Files/Pods-Test/Pods-Test.debug.xcconfig"; sourceTree = "<group>"; };
		EDE208EA5090DDE805BB9E88 /* Pods_Test.framework */ = {isa = PBXFileReference; explicitFileType = wrapper.framework; includeInIndex = 0; path = Pods_Test.framework; sourceTree = BUILT_PRODUCTS_DIR; };
/* End PBXFileReference section */

/* Begin PBXFrameworksBuildPhase section */
		3CD3EBA3225EDD3F00D810D4 /* Frameworks */ = {
			isa = PBXFrameworksBuildPhase;
			buildActionMask = 2147483647;
			files = (
				64E8F7E1F804A16FA5BD5B3E /* Pods_Test.framework in Frameworks */,
			);
			runOnlyForDeploymentPostprocessing = 0;
		};
/* End PBXFrameworksBuildPhase section */

/* Begin PBXGroup section */
		3C4F29C222601052001826C1 /* Todoey */ = {
			isa = PBXGroup;
			children = (
				3CD3EBA9225EDD3F00D810D4 /* AppDelegate.swift */,
			);
			path = Todoey;
			sourceTree = "<group>";
		};
		3CD3EB9D225EDD3F00D810D4 = {
			isa = PBXGroup;
			children = (
				3CD3EBA8225EDD3F00D810D4 /* Test */,
				3CD3EBA7225EDD3F00D810D4 /* Products */,
				9E9BE89D1A75A4992B852D0E /* Pods */,
				DB4020B567AF95B47C484F2F /* Frameworks */,
			);
			sourceTree = "<group>";
		};
		3CD3EBA7225EDD3F00D810D4 /* Products */ = {
			isa = PBXGroup;
			children = (
				3CD3EBA6225EDD3F00D810D4 /* Test.app */,
			);
			name = Products;
			sourceTree = "<group>";
		};
		3CD3EBA8225EDD3F00D810D4 /* Test */ = {
			isa = PBXGroup;
			children = (
				3C4F29C222601052001826C1 /* Todoey */,
				3CD3EBBC225EDD7F00D810D4 /* Controllers */,
				3CD3EBC1225EDDC700D810D4 /* Data Model */,
				3CD3EBBD225EDD9100D810D4 /* Views */,
				3CD3EBBE225EDD9D00D810D4 /* Supporting Files */,
				3CD3EBB5225EDD4100D810D4 /* Info.plist */,
			);
			path = Test;
			sourceTree = "<group>";
		};
		3CD3EBBC225EDD7F00D810D4 /* Controllers */ = {
			isa = PBXGroup;
			children = (
				3C2C4AC5225FAAFC000A78CD /* CategoryViewController.swift */,
				3CD3EBAB225EDD3F00D810D4 /* TodoListViewController.swift */,
			);
			path = Controllers;
			sourceTree = "<group>";
		};
		3CD3EBBD225EDD9100D810D4 /* Views */ = {
			isa = PBXGroup;
			children = (
				3CD3EBC2225EDE2D00D810D4 /* Main.storyboard */,
			);
			path = Views;
			sourceTree = "<group>";
		};
		3CD3EBBE225EDD9D00D810D4 /* Supporting Files */ = {
			isa = PBXGroup;
			children = (
				3CD3EBB0225EDD4100D810D4 /* Assets.xcassets */,
				3CD3EBB2225EDD4100D810D4 /* LaunchScreen.storyboard */,
			);
			path = "Supporting Files";
			sourceTree = "<group>";
		};
		3CD3EBC1225EDDC700D810D4 /* Data Model */ = {
			isa = PBXGroup;
			children = (
				3CF1B6CA225EF9770070CD5A /* DataModel.xcdatamodeld */,
			);
			name = "Data Model";
			path = ..;
			sourceTree = "<group>";
		};
		9E9BE89D1A75A4992B852D0E /* Pods */ = {
			isa = PBXGroup;
			children = (
				D47680E4F9F9C92946473052 /* Pods-Test.debug.xcconfig */,
				A1423F3DED3EE36D20804047 /* Pods-Test.release.xcconfig */,
			);
			path = Pods;
			sourceTree = "<group>";
		};
		DB4020B567AF95B47C484F2F /* Frameworks */ = {
			isa = PBXGroup;
			children = (
				EDE208EA5090DDE805BB9E88 /* Pods_Test.framework */,
			);
			name = Frameworks;
			sourceTree = "<group>";
		};
/* End PBXGroup section */

/* Begin PBXNativeTarget section */
		3CD3EBA5225EDD3F00D810D4 /* Test */ = {
			isa = PBXNativeTarget;
			buildConfigurationList = 3CD3EBB8225EDD4100D810D4 /* Build configuration list for PBXNativeTarget "Test" */;
			buildPhases = (
				55AC228A0C85B17E470F9696 /* [CP] Check Pods Manifest.lock */,
				3CD3EBA2225EDD3F00D810D4 /* Sources */,
				3CD3EBA3225EDD3F00D810D4 /* Frameworks */,
				3CD3EBA4225EDD3F00D810D4 /* Resources */,
				41180317FECA48DC528B994B /* [CP] Embed Pods Frameworks */,
			);
			buildRules = (
			);
			dependencies = (
			);
			name = Test;
			productName = Test;
			productReference = 3CD3EBA6225EDD3F00D810D4 /* Test.app */;
			productType = "com.apple.product-type.application";
		};
/* End PBXNativeTarget section */

/* Begin PBXProject section */
		3CD3EB9E225EDD3F00D810D4 /* Project object */ = {
			isa = PBXProject;
			attributes = {
				LastSwiftUpdateCheck = 1020;
				LastUpgradeCheck = 1020;
				ORGANIZATIONNAME = "Ian DeBoo";
				TargetAttributes = {
					3CD3EBA5225EDD3F00D810D4 = {
						CreatedOnToolsVersion = 10.2;
					};
				};
			};
			buildConfigurationList = 3CD3EBA1225EDD3F00D810D4 /* Build configuration list for PBXProject "Test" */;
			compatibilityVersion = "Xcode 9.3";
			developmentRegion = en;
			hasScannedForEncodings = 0;
			knownRegions = (
				en,
				Base,
			);
			mainGroup = 3CD3EB9D225EDD3F00D810D4;
			productRefGroup = 3CD3EBA7225EDD3F00D810D4 /* Products */;
			projectDirPath = "";
			projectRoot = "";
			targets = (
				3CD3EBA5225EDD3F00D810D4 /* Test */,
			);
		};
/* End PBXProject section */

/* Begin PBXResourcesBuildPhase section */
		3CD3EBA4225EDD3F00D810D4 /* Resources */ = {
			isa = PBXResourcesBuildPhase;
			buildActionMask = 2147483647;
			files = (
				3CD3EBB4225EDD4100D810D4 /* LaunchScreen.storyboard in Resources */,
				3CD3EBB1225EDD4100D810D4 /* Assets.xcassets in Resources */,
				3CD3EBC3225EDE2D00D810D4 /* Main.storyboard in Resources */,
			);
			runOnlyForDeploymentPostprocessing = 0;
		};
/* End PBXResourcesBuildPhase section */

/* Begin PBXShellScriptBuildPhase section */
		41180317FECA48DC528B994B /* [CP] Embed Pods Frameworks */ = {
			isa = PBXShellScriptBuildPhase;
			buildActionMask = 2147483647;
			files = (
			);
			inputFileListPaths = (
			);
			inputPaths = (
				"${PODS_ROOT}/Target Support Files/Pods-Test/Pods-Test-frameworks.sh",
				"${BUILT_PRODUCTS_DIR}/Realm/Realm.framework",
				"${BUILT_PRODUCTS_DIR}/RealmSwift/RealmSwift.framework",
			);
			name = "[CP] Embed Pods Frameworks";
			outputFileListPaths = (
			);
			outputPaths = (
				"${TARGET_BUILD_DIR}/${FRAMEWORKS_FOLDER_PATH}/Realm.framework",
				"${TARGET_BUILD_DIR}/${FRAMEWORKS_FOLDER_PATH}/RealmSwift.framework",
			);
			runOnlyForDeploymentPostprocessing = 0;
			shellPath = /bin/sh;
			shellScript = "\"${PODS_ROOT}/Target Support Files/Pods-Test/Pods-Test-frameworks.sh\"\n";
			showEnvVarsInLog = 0;
		};
		55AC228A0C85B17E470F9696 /* [CP] Check Pods Manifest.lock */ = {
			isa = PBXShellScriptBuildPhase;
			buildActionMask = 2147483647;
			files = (
			);
			inputFileListPaths = (
			);
			inputPaths = (
				"${PODS_PODFILE_DIR_PATH}/Podfile.lock",
				"${PODS_ROOT}/Manifest.lock",
			);
			name = "[CP] Check Pods Manifest.lock";
			outputFileListPaths = (
			);
			outputPaths = (
				"$(DERIVED_FILE_DIR)/Pods-Test-checkManifestLockResult.txt",
			);
			runOnlyForDeploymentPostprocessing = 0;
			shellPath = /bin/sh;
			shellScript = "diff \"${PODS_PODFILE_DIR_PATH}/Podfile.lock\" \"${PODS_ROOT}/Manifest.lock\" > /dev/null\nif [ $? != 0 ] ; then\n    # print error to STDERR\n    echo \"error: The sandbox is not in sync with the Podfile.lock. Run 'pod install' or update your CocoaPods installation.\" >&2\n    exit 1\nfi\n# This output is used by Xcode 'outputs' to avoid re-running this script phase.\necho \"SUCCESS\" > \"${SCRIPT_OUTPUT_FILE_0}\"\n";
			showEnvVarsInLog = 0;
		};
/* End PBXShellScriptBuildPhase section */

/* Begin PBXSourcesBuildPhase section */
		3CD3EBA2225EDD3F00D810D4 /* Sources */ = {
			isa = PBXSourcesBuildPhase;
			buildActionMask = 2147483647;
			files = (
				3C2C4AC6225FAAFC000A78CD /* CategoryViewController.swift in Sources */,
				3CD3EBAC225EDD3F00D810D4 /* TodoListViewController.swift in Sources */,
				3CF1B6CC225EF9770070CD5A /* DataModel.xcdatamodeld in Sources */,
				3CD3EBAA225EDD3F00D810D4 /* AppDelegate.swift in Sources */,
			);
			runOnlyForDeploymentPostprocessing = 0;
		};
/* End PBXSourcesBuildPhase section */

/* Begin PBXVariantGroup section */
		3CD3EBB2225EDD4100D810D4 /* LaunchScreen.storyboard */ = {
			isa = PBXVariantGroup;
			children = (
				3CD3EBB3225EDD4100D810D4 /* Base */,
			);
			name = LaunchScreen.storyboard;
			sourceTree = "<group>";
		};
/* End PBXVariantGroup section */

/* Begin XCBuildConfiguration section */
		3CD3EBB6225EDD4100D810D4 /* Debug */ = {
			isa = XCBuildConfiguration;
			buildSettings = {
				ALWAYS_SEARCH_USER_PATHS = NO;
				CLANG_ANALYZER_NONNULL = YES;
				CLANG_ANALYZER_NUMBER_OBJECT_CONVERSION = YES_AGGRESSIVE;
				CLANG_CXX_LANGUAGE_STANDARD = "gnu++14";
				CLANG_CXX_LIBRARY = "libc++";
				CLANG_ENABLE_MODULES = YES;
				CLANG_ENABLE_OBJC_ARC = YES;
				CLANG_ENABLE_OBJC_WEAK = YES;
				CLANG_WARN_BLOCK_CAPTURE_AUTORELEASING = YES;
				CLANG_WARN_BOOL_CONVERSION = YES;
				CLANG_WARN_COMMA = YES;
				CLANG_WARN_CONSTANT_CONVERSION = YES;
				CLANG_WARN_DEPRECATED_OBJC_IMPLEMENTATIONS = YES;
				CLANG_WARN_DIRECT_OBJC_ISA_USAGE = YES_ERROR;
				CLANG_WARN_DOCUMENTATION_COMMENTS = YES;
				CLANG_WARN_EMPTY_BODY = YES;
				CLANG_WARN_ENUM_CONVERSION = YES;
				CLANG_WARN_INFINITE_RECURSION = YES;
				CLANG_WARN_INT_CONVERSION = YES;
				CLANG_WARN_NON_LITERAL_NULL_CONVERSION = YES;
				CLANG_WARN_OBJC_IMPLICIT_RETAIN_SELF = YES;
				CLANG_WARN_OBJC_LITERAL_CONVERSION = YES;
				CLANG_WARN_OBJC_ROOT_CLASS = YES_ERROR;
				CLANG_WARN_RANGE_LOOP_ANALYSIS = YES;
				CLANG_WARN_STRICT_PROTOTYPES = YES;
				CLANG_WARN_SUSPICIOUS_MOVE = YES;
				CLANG_WARN_UNGUARDED_AVAILABILITY = YES_AGGRESSIVE;
				CLANG_WARN_UNREACHABLE_CODE = YES;
				CLANG_WARN__DUPLICATE_METHOD_MATCH = YES;
				CODE_SIGN_IDENTITY = "iPhone Developer";
				COPY_PHASE_STRIP = NO;
				DEBUG_INFORMATION_FORMAT = dwarf;
				ENABLE_STRICT_OBJC_MSGSEND = YES;
				ENABLE_TESTABILITY = YES;
				GCC_C_LANGUAGE_STANDARD = gnu11;
				GCC_DYNAMIC_NO_PIC = NO;
				GCC_NO_COMMON_BLOCKS = YES;
				GCC_OPTIMIZATION_LEVEL = 0;
				GCC_PREPROCESSOR_DEFINITIONS = (
					"DEBUG=1",
					"$(inherited)",
				);
				GCC_WARN_64_TO_32_BIT_CONVERSION = YES;
				GCC_WARN_ABOUT_RETURN_TYPE = YES_ERROR;
				GCC_WARN_UNDECLARED_SELECTOR = YES;
				GCC_WARN_UNINITIALIZED_AUTOS = YES_AGGRESSIVE;
				GCC_WARN_UNUSED_FUNCTION = YES;
				GCC_WARN_UNUSED_VARIABLE = YES;
				IPHONEOS_DEPLOYMENT_TARGET = 12.2;
				MTL_ENABLE_DEBUG_INFO = INCLUDE_SOURCE;
				MTL_FAST_MATH = YES;
				ONLY_ACTIVE_ARCH = YES;
				SDKROOT = iphoneos;
				SWIFT_ACTIVE_COMPILATION_CONDITIONS = DEBUG;
				SWIFT_OPTIMIZATION_LEVEL = "-Onone";
			};
			name = Debug;
		};
		3CD3EBB7225EDD4100D810D4 /* Release */ = {
			isa = XCBuildConfiguration;
			buildSettings = {
				ALWAYS_SEARCH_USER_PATHS = NO;
				CLANG_ANALYZER_NONNULL = YES;
				CLANG_ANALYZER_NUMBER_OBJECT_CONVERSION = YES_AGGRESSIVE;
				CLANG_CXX_LANGUAGE_STANDARD = "gnu++14";
				CLANG_CXX_LIBRARY = "libc++";
				CLANG_ENABLE_MODULES = YES;
				CLANG_ENABLE_OBJC_ARC = YES;
				CLANG_ENABLE_OBJC_WEAK = YES;
				CLANG_WARN_BLOCK_CAPTURE_AUTORELEASING = YES;
				CLANG_WARN_BOOL_CONVERSION = YES;
				CLANG_WARN_COMMA = YES;
				CLANG_WARN_CONSTANT_CONVERSION = YES;
				CLANG_WARN_DEPRECATED_OBJC_IMPLEMENTATIONS = YES;
				CLANG_WARN_DIRECT_OBJC_ISA_USAGE = YES_ERROR;
				CLANG_WARN_DOCUMENTATION_COMMENTS = YES;
				CLANG_WARN_EMPTY_BODY = YES;
				CLANG_WARN_ENUM_CONVERSION = YES;
				CLANG_WARN_INFINITE_RECURSION = YES;
				CLANG_WARN_INT_CONVERSION = YES;
				CLANG_WARN_NON_LITERAL_NULL_CONVERSION = YES;
				CLANG_WARN_OBJC_IMPLICIT_RETAIN_SELF = YES;
				CLANG_WARN_OBJC_LITERAL_CONVERSION = YES;
				CLANG_WARN_OBJC_ROOT_CLASS = YES_ERROR;
				CLANG_WARN_RANGE_LOOP_ANALYSIS = YES;
				CLANG_WARN_STRICT_PROTOTYPES = YES;
				CLANG_WARN_SUSPICIOUS_MOVE = YES;
				CLANG_WARN_UNGUARDED_AVAILABILITY = YES_AGGRESSIVE;
				CLANG_WARN_UNREACHABLE_CODE = YES;
				CLANG_WARN__DUPLICATE_METHOD_MATCH = YES;
				CODE_SIGN_IDENTITY = "iPhone Developer";
				COPY_PHASE_STRIP = NO;
				DEBUG_INFORMATION_FORMAT = "dwarf-with-dsym";
				ENABLE_NS_ASSERTIONS = NO;
				ENABLE_STRICT_OBJC_MSGSEND = YES;
				GCC_C_LANGUAGE_STANDARD = gnu11;
				GCC_NO_COMMON_BLOCKS = YES;
				GCC_WARN_64_TO_32_BIT_CONVERSION = YES;
				GCC_WARN_ABOUT_RETURN_TYPE = YES_ERROR;
				GCC_WARN_UNDECLARED_SELECTOR = YES;
				GCC_WARN_UNINITIALIZED_AUTOS = YES_AGGRESSIVE;
				GCC_WARN_UNUSED_FUNCTION = YES;
				GCC_WARN_UNUSED_VARIABLE = YES;
				IPHONEOS_DEPLOYMENT_TARGET = 12.2;
				MTL_ENABLE_DEBUG_INFO = NO;
				MTL_FAST_MATH = YES;
				SDKROOT = iphoneos;
				SWIFT_COMPILATION_MODE = wholemodule;
				SWIFT_OPTIMIZATION_LEVEL = "-O";
				VALIDATE_PRODUCT = YES;
			};
			name = Release;
		};
		3CD3EBB9225EDD4100D810D4 /* Debug */ = {
			isa = XCBuildConfiguration;
			baseConfigurationReference = D47680E4F9F9C92946473052 /* Pods-Test.debug.xcconfig */;
			buildSettings = {
				ASSETCATALOG_COMPILER_APPICON_NAME = AppIcon;
				CODE_SIGN_STYLE = Automatic;
				INFOPLIST_FILE = Test/Info.plist;
				LD_RUNPATH_SEARCH_PATHS = (
					"$(inherited)",
					"@executable_path/Frameworks",
				);
				PRODUCT_BUNDLE_IDENTIFIER = com.iandeboo.Test;
				PRODUCT_NAME = "$(TARGET_NAME)";
				SWIFT_VERSION = 5.0;
				TARGETED_DEVICE_FAMILY = "1,2";
			};
			name = Debug;
		};
		3CD3EBBA225EDD4100D810D4 /* Release */ = {
			isa = XCBuildConfiguration;
			baseConfigurationReference = A1423F3DED3EE36D20804047 /* Pods-Test.release.xcconfig */;
			buildSettings = {
				ASSETCATALOG_COMPILER_APPICON_NAME = AppIcon;
				CODE_SIGN_STYLE = Automatic;
				INFOPLIST_FILE = Test/Info.plist;
				LD_RUNPATH_SEARCH_PATHS = (
					"$(inherited)",
					"@executable_path/Frameworks",
				);
				PRODUCT_BUNDLE_IDENTIFIER = com.iandeboo.Test;
				PRODUCT_NAME = "$(TARGET_NAME)";
				SWIFT_VERSION = 5.0;
				TARGETED_DEVICE_FAMILY = "1,2";
			};
			name = Release;
		};
/* End XCBuildConfiguration section */

/* Begin XCConfigurationList section */
		3CD3EBA1225EDD3F00D810D4 /* Build configuration list for PBXProject "Test" */ = {
			isa = XCConfigurationList;
			buildConfigurations = (
				3CD3EBB6225EDD4100D810D4 /* Debug */,
				3CD3EBB7225EDD4100D810D4 /* Release */,
			);
			defaultConfigurationIsVisible = 0;
			defaultConfigurationName = Release;
		};
		3CD3EBB8225EDD4100D810D4 /* Build configuration list for PBXNativeTarget "Test" */ = {
			isa = XCConfigurationList;
			buildConfigurations = (
				3CD3EBB9225EDD4100D810D4 /* Debug */,
				3CD3EBBA225EDD4100D810D4 /* Release */,
			);
			defaultConfigurationIsVisible = 0;
			defaultConfigurationName = Release;
		};
/* End XCConfigurationList section */

/* Begin XCVersionGroup section */
		3CF1B6CA225EF9770070CD5A /* DataModel.xcdatamodeld */ = {
			isa = XCVersionGroup;
			children = (
				3CF1B6CB225EF9770070CD5A /* DataModel.xcdatamodel */,
			);
			currentVersion = 3CF1B6CB225EF9770070CD5A /* DataModel.xcdatamodel */;
			path = DataModel.xcdatamodeld;
			sourceTree = "<group>";
			versionGroupType = wrapper.xcdatamodel;
		};
/* End XCVersionGroup section */
	};
	rootObject = 3CD3EB9E225EDD3F00D810D4 /* Project object */;
}
